
Microsoft Visual Studio Solution File, Format Version 12.00
Project("{FAE04EC0-301F-11D3-BF4B-00C04F79EFBC}") = "Domain", "Domain\Domain.csproj", "{84FD244E-FC2F-4432-8777-1D6DF8790FAF}"
EndProject
Project("{FAE04EC0-301F-11D3-BF4B-00C04F79EFBC}") = "WebAPI", "WebAPI\WebAPI.csproj", "{6AB708E2-6543-4883-9DBA-AB55716BF9BD}"
EndProject
Project("{FAE04EC0-301F-11D3-BF4B-00C04F79EFBC}") = "Application", "Application\Application.csproj", "{DED4AB1F-784B-4D0C-B4EE-4933376A8EB3}"
EndProject
Project("{FAE04EC0-301F-11D3-BF4B-00C04F79EFBC}") = "BlazorWASM", "BlazorWASM\BlazorWASM.csproj", "{4E56C07B-FCC7-4D38-97D0-3F981AFB665F}"
EndProject
Project("{FAE04EC0-301F-11D3-BF4B-00C04F79EFBC}") = "HttpClients", "HttpClients\HttpClients.csproj", "{A40A1844-8348-4405-B978-660DA66A69C9}"
EndProject
Project("{FAE04EC0-301F-11D3-BF4B-00C04F79EFBC}") = "EfcDataAccess", "EfcDataAccess\EfcDataAccess.csproj", "{8ADA37B4-7FD2-40CB-AEA3-0F6FCCCB94D0}"
EndProject
Global
	GlobalSection(SolutionConfigurationPlatforms) = preSolution
		Debug|Any CPU = Debug|Any CPU
		Release|Any CPU = Release|Any CPU
	EndGlobalSection
	GlobalSection(ProjectConfigurationPlatforms) = postSolution
		{84FD244E-FC2F-4432-8777-1D6DF8790FAF}.Debug|Any CPU.ActiveCfg = Debug|Any CPU
		{84FD244E-FC2F-4432-8777-1D6DF8790FAF}.Debug|Any CPU.Build.0 = Debug|Any CPU
		{84FD244E-FC2F-4432-8777-1D6DF8790FAF}.Release|Any CPU.ActiveCfg = Release|Any CPU
		{84FD244E-FC2F-4432-8777-1D6DF8790FAF}.Release|Any CPU.Build.0 = Release|Any CPU
		{6AB708E2-6543-4883-9DBA-AB55716BF9BD}.Debug|Any CPU.ActiveCfg = Debug|Any CPU
		{6AB708E2-6543-4883-9DBA-AB55716BF9BD}.Debug|Any CPU.Build.0 = Debug|Any CPU
		{6AB708E2-6543-4883-9DBA-AB55716BF9BD}.Release|Any CPU.ActiveCfg = Release|Any CPU
		{6AB708E2-6543-4883-9DBA-AB55716BF9BD}.Release|Any CPU.Build.0 = Release|Any CPU
		{DED4AB1F-784B-4D0C-B4EE-4933376A8EB3}.Debug|Any CPU.ActiveCfg = Debug|Any CPU
		{DED4AB1F-784B-4D0C-B4EE-4933376A8EB3}.Debug|Any CPU.Build.0 = Debug|Any CPU
		{DED4AB1F-784B-4D0C-B4EE-4933376A8EB3}.Release|Any CPU.ActiveCfg = Release|Any CPU
		{DED4AB1F-784B-4D0C-B4EE-4933376A8EB3}.Release|Any CPU.Build.0 = Release|Any CPU
		{4E56C07B-FCC7-4D38-97D0-3F981AFB665F}.Debug|Any CPU.ActiveCfg = Debug|Any CPU
		{4E56C07B-FCC7-4D38-97D0-3F981AFB665F}.Debug|Any CPU.Build.0 = Debug|Any CPU
		{4E56C07B-FCC7-4D38-97D0-3F981AFB665F}.Release|Any CPU.ActiveCfg = Release|Any CPU
		{4E56C07B-FCC7-4D38-97D0-3F981AFB665F}.Release|Any CPU.Build.0 = Release|Any CPU
		{A40A1844-8348-4405-B978-660DA66A69C9}.Debug|Any CPU.ActiveCfg = Debug|Any CPU
		{A40A1844-8348-4405-B978-660DA66A69C9}.Debug|Any CPU.Build.0 = Debug|Any CPU
		{A40A1844-8348-4405-B978-660DA66A69C9}.Release|Any CPU.ActiveCfg = Release|Any CPU
		{A40A1844-8348-4405-B978-660DA66A69C9}.Release|Any CPU.Build.0 = Release|Any CPU
		{8ADA37B4-7FD2-40CB-AEA3-0F6FCCCB94D0}.Debug|Any CPU.ActiveCfg = Debug|Any CPU
		{8ADA37B4-7FD2-40CB-AEA3-0F6FCCCB94D0}.Debug|Any CPU.Build.0 = Debug|Any CPU
		{8ADA37B4-7FD2-40CB-AEA3-0F6FCCCB94D0}.Release|Any CPU.ActiveCfg = Release|Any CPU
		{8ADA37B4-7FD2-40CB-AEA3-0F6FCCCB94D0}.Release|Any CPU.Build.0 = Release|Any CPU
	EndGlobalSection
EndGlobal
